
Microsoft Visual Studio Solution File, Format Version 12.00
# Visual Studio Version 17
VisualStudioVersion = 17.11.35312.102
MinimumVisualStudioVersion = 10.0.40219.1
Project("{FAE04EC0-301F-11D3-BF4B-00C04F79EFBC}") = "CourseManagement", "CourseManagement\CourseManagement.csproj", "{F8AC78DE-6098-4A36-8775-359E3F4A106B}"
EndProject
Global
	GlobalSection(SolutionConfigurationPlatforms) = preSolution
		Debug|Any CPU = Debug|Any CPU
		Release|Any CPU = Release|Any CPU
	EndGlobalSection
	GlobalSection(ProjectConfigurationPlatforms) = postSolution
		{F8AC78DE-6098-4A36-8775-359E3F4A106B}.Debug|Any CPU.ActiveCfg = Debug|Any CPU
		{F8AC78DE-6098-4A36-8775-359E3F4A106B}.Debug|Any CPU.Build.0 = Debug|Any CPU
		{F8AC78DE-6098-4A36-8775-359E3F4A106B}.Release|Any CPU.ActiveCfg = Release|Any CPU
		{F8AC78DE-6098-4A36-8775-359E3F4A106B}.Release|Any CPU.Build.0 = Release|Any CPU
	EndGlobalSection
	GlobalSection(SolutionProperties) = preSolution
		HideSolutionNode = FALSE
	EndGlobalSection
	GlobalSection(ExtensibilityGlobals) = postSolution
		SolutionGuid = {156B2406-3A40-403D-B467-54A56D338C85}
	EndGlobalSection
EndGlobal
